{
  "name": "atharv_node",
  "version": "1.0.0",
  "lockfileVersion": 2,
  "requires": true,
  "packages": {
    "": {
      "name": "atharv_node",
      "version": "1.0.0",
      "license": "ISC",
      "dependencies": {
        "pandoc": "^0.2.0"
      }
    },
    "node_modules/pandoc": {
      "version": "0.2.0",
      "resolved": "https://registry.npmjs.org/pandoc/-/pandoc-0.2.0.tgz",
      "integrity": "sha512-OD/Sqpv7QYwxgNpzLeEWPkN7+BQgJfONW5UUiEBwYItfszPUU4kS9fA4f0GpWoN1TdGW899dI/7vioMgchtNnQ==",
      "engines": {
        "node": ">= 0.4.0"
      }
    }
  },
  "dependencies": {
    "pandoc": {
      "version": "0.2.0",
      "resolved": "https://registry.npmjs.org/pandoc/-/pandoc-0.2.0.tgz",
      "integrity": "sha512-OD/Sqpv7QYwxgNpzLeEWPkN7+BQgJfONW5UUiEBwYItfszPUU4kS9fA4f0GpWoN1TdGW899dI/7vioMgchtNnQ=="
    }
  }
}
